{
  "pins" : [
    {
      "identity" : "keyboardkit",
      "kind" : "remoteSourceControl",
      "location" : "https://github.com/KeyboardKit/KeyboardKit.git",
      "state" : {
        "revision" : "30908fca2b0c69a9378e8d30d06ec52090e7b20b",
        "version" : "7.9.6"
      }
    }
  ],
  "version" : 2
}
